
Microsoft Visual Studio Solution File, Format Version 12.00
# Visual Studio Version 17
VisualStudioVersion = 17.4.33122.133
MinimumVisualStudioVersion = 10.0.40219.1
Project("{FAE04EC0-301F-11D3-BF4B-00C04F79EFBC}") = "SqlExam", "SqlExam\SqlExam.csproj", "{7D8DBA0C-939F-4A4C-916B-9F2475FA859C}"
EndProject
Global
	GlobalSection(SolutionConfigurationPlatforms) = preSolution
		Debug|Any CPU = Debug|Any CPU
		Release|Any CPU = Release|Any CPU
	EndGlobalSection
	GlobalSection(ProjectConfigurationPlatforms) = postSolution
		{7D8DBA0C-939F-4A4C-916B-9F2475FA859C}.Debug|Any CPU.ActiveCfg = Debug|Any CPU
		{7D8DBA0C-939F-4A4C-916B-9F2475FA859C}.Debug|Any CPU.Build.0 = Debug|Any CPU
		{7D8DBA0C-939F-4A4C-916B-9F2475FA859C}.Release|Any CPU.ActiveCfg = Release|Any CPU
		{7D8DBA0C-939F-4A4C-916B-9F2475FA859C}.Release|Any CPU.Build.0 = Release|Any CPU
	EndGlobalSection
	GlobalSection(SolutionProperties) = preSolution
		HideSolutionNode = FALSE
	EndGlobalSection
	GlobalSection(ExtensibilityGlobals) = postSolution
		SolutionGuid = {ABFF5422-779D-442E-B354-FD138DECBDE8}
	EndGlobalSection
EndGlobal
